
Microsoft Visual Studio Solution File, Format Version 12.00
# Visual Studio Version 16
VisualStudioVersion = 16.0.28407.52
MinimumVisualStudioVersion = 10.0.40219.1
Project("{9A19103F-16F7-4668-BE54-9A1E7A4F7556}") = "TTR43WEB", "TTR43WEB\TTR43WEB.csproj", "{5DBF37C7-ED11-4799-B0EC-78ED8085B34B}"
EndProject
Global
	GlobalSection(SolutionConfigurationPlatforms) = preSolution
		Debug|Any CPU = Debug|Any CPU
		Release|Any CPU = Release|Any CPU
	EndGlobalSection
	GlobalSection(ProjectConfigurationPlatforms) = postSolution
		{5DBF37C7-ED11-4799-B0EC-78ED8085B34B}.Debug|Any CPU.ActiveCfg = Debug|Any CPU
		{5DBF37C7-ED11-4799-B0EC-78ED8085B34B}.Debug|Any CPU.Build.0 = Debug|Any CPU
		{5DBF37C7-ED11-4799-B0EC-78ED8085B34B}.Release|Any CPU.ActiveCfg = Release|Any CPU
		{5DBF37C7-ED11-4799-B0EC-78ED8085B34B}.Release|Any CPU.Build.0 = Release|Any CPU
	EndGlobalSection
	GlobalSection(SolutionProperties) = preSolution
		HideSolutionNode = FALSE
	EndGlobalSection
	GlobalSection(ExtensibilityGlobals) = postSolution
		SolutionGuid = {A4EAFA2E-64B5-41FE-B49C-AECA3FBDAC5F}
	EndGlobalSection
EndGlobal
